
Microsoft Visual Studio Solution File, Format Version 12.00
# Visual Studio Version 17
VisualStudioVersion = 17.6.33815.320
MinimumVisualStudioVersion = 10.0.40219.1
Project("{FAE04EC0-301F-11D3-BF4B-00C04F79EFBC}") = "Custom_String_Builder", "Custom_String_Builder\Custom_String_Builder.csproj", "{B43D5575-CA9C-4E3D-ADC1-A7BEC43998F4}"
EndProject
Global
	GlobalSection(SolutionConfigurationPlatforms) = preSolution
		Debug|Any CPU = Debug|Any CPU
		Release|Any CPU = Release|Any CPU
	EndGlobalSection
	GlobalSection(ProjectConfigurationPlatforms) = postSolution
		{B43D5575-CA9C-4E3D-ADC1-A7BEC43998F4}.Debug|Any CPU.ActiveCfg = Debug|Any CPU
		{B43D5575-CA9C-4E3D-ADC1-A7BEC43998F4}.Debug|Any CPU.Build.0 = Debug|Any CPU
		{B43D5575-CA9C-4E3D-ADC1-A7BEC43998F4}.Release|Any CPU.ActiveCfg = Release|Any CPU
		{B43D5575-CA9C-4E3D-ADC1-A7BEC43998F4}.Release|Any CPU.Build.0 = Release|Any CPU
	EndGlobalSection
	GlobalSection(SolutionProperties) = preSolution
		HideSolutionNode = FALSE
	EndGlobalSection
	GlobalSection(ExtensibilityGlobals) = postSolution
		SolutionGuid = {DCC5924C-C136-44C4-9CFC-17CA3C19CAA0}
	EndGlobalSection
EndGlobal
