
Microsoft Visual Studio Solution File, Format Version 12.00
# Visual Studio Version 17
VisualStudioVersion = 17.6.33815.320
MinimumVisualStudioVersion = 10.0.40219.1
Project("{FAE04EC0-301F-11D3-BF4B-00C04F79EFBC}") = "TicTakToe", "TicTakToe\TicTakToe.csproj", "{9282A538-0B5F-4412-B561-89A5C17B1D25}"
EndProject
Global
	GlobalSection(SolutionConfigurationPlatforms) = preSolution
		Debug|Any CPU = Debug|Any CPU
		Release|Any CPU = Release|Any CPU
	EndGlobalSection
	GlobalSection(ProjectConfigurationPlatforms) = postSolution
		{9282A538-0B5F-4412-B561-89A5C17B1D25}.Debug|Any CPU.ActiveCfg = Debug|Any CPU
		{9282A538-0B5F-4412-B561-89A5C17B1D25}.Debug|Any CPU.Build.0 = Debug|Any CPU
		{9282A538-0B5F-4412-B561-89A5C17B1D25}.Release|Any CPU.ActiveCfg = Release|Any CPU
		{9282A538-0B5F-4412-B561-89A5C17B1D25}.Release|Any CPU.Build.0 = Release|Any CPU
	EndGlobalSection
	GlobalSection(SolutionProperties) = preSolution
		HideSolutionNode = FALSE
	EndGlobalSection
	GlobalSection(ExtensibilityGlobals) = postSolution
		SolutionGuid = {A8108EE1-5AB6-443D-B4E9-1355F2ABD08D}
	EndGlobalSection
EndGlobal
